# This file was autogenerated by Stack.
# You should not edit this file by hand.
# For more information, please see the documentation at:
#   https://docs.haskellstack.org/en/stable/lock_files

packages:
- completed:
    hackage: composite-aeson-throw-0.1.0.0@sha256:0fc5f4ea1b243b0cf3b28168e3e7e67706bf03d1c1e7998c5816f1f58c0665fe,842
    pantry-tree:
      size: 285
      sha256: e0e5ca696a4012c333d9bd6860d9169ee6dd45c6a30d5de850dda57e93a69a8c
  original:
    hackage: composite-aeson-throw-0.1.0.0
- completed:
    hackage: compdoc-0.2.0.0@sha256:9f6a9c1d6b1361d01a855b644908cfc51b0998715aded730c05c30f391afaecd,911
    pantry-tree:
      size: 264
      sha256: 37de29f2bfd00e3c89b6fc3b99788dcf88c2b18309d2e23046b8aa08a2d1e885
  original:
    hackage: compdoc-0.2.0.0
- completed:
    hackage: pandoc-throw-0.1.0.0@sha256:9cfa3dd0d8a3673d1c568dc6c710c70aad408e129bd83c40828e8b44fe87ffa7,775
    pantry-tree:
      size: 271
      sha256: cf5534ef586aa2fb2f211c425cb824b788e3a96acd9e6b02a2d217604e492e33
  original:
    hackage: pandoc-throw-0.1.0.0
- completed:
    hackage: pandoc-2.11.0.4@sha256:93cbbb6ecb898c04ed3563ffae425cdc8caa3587d30259947bbe4cf0123c1097,39390
    pantry-tree:
      size: 114049
      sha256: d0023d6ab023396a21791ad9ca58c547cb9846103a8d9b729c572299643c4e5d
  original:
    hackage: pandoc-2.11.0.4
- completed:
    hackage: citeproc-0.1.0.3@sha256:c73f601fad72d6d74312ae55895e16e2425d86467a16d9a6d1156c6c78d04b62,5395
    pantry-tree:
      size: 78269
      sha256: c0717efdcc2956274c743efeea22d9b26be102b737fd0decdaa568a6f0eb6b9e
  original:
    hackage: citeproc-0.1.0.3
- completed:
    hackage: commonmark-0.1.0.2@sha256:fbff7a2ade0ce7d699964a87f765e503a3a9e22542c05f0f02ba7aad64e38af4,3278
    pantry-tree:
      size: 1346
      sha256: 991da6da60804286b9ea23a1522e18ceeabddfdf416787231db9fd047c163f53
  original:
    hackage: commonmark-0.1.0.2
- completed:
    hackage: commonmark-extensions-0.2.0.1@sha256:647aa8dba5fd46984ddedc15c3693c9c4d9655503d42006576bd8f0dadf8cd39,3176
    pantry-tree:
      size: 2927
      sha256: 89e1ee05938d558834c397a3a22cdacc755a1941c144f4c1f3daf8a1ede943ce
  original:
    hackage: commonmark-extensions-0.2.0.1
- completed:
    hackage: commonmark-pandoc-0.2.0.1@sha256:529c6e2c6cabf61558b66a28123eafc1d90d3324be29819f59f024e430312c1f,1105
    pantry-tree:
      size: 326
      sha256: d9954a15f73c8fe55a5097e1cc0957fa626d340ef36e2beefb8caae66008c3dc
  original:
    hackage: commonmark-pandoc-0.2.0.1
snapshots:
- completed:
    size: 543564
    url: https://raw.githubusercontent.com/commercialhaskell/stackage-snapshots/master/nightly/2020/10/30.yaml
    sha256: 190e5d978b5edfd3cc36ceac7c862905776d08ee9ba8967b5d39367870c86cdb
  original: nightly-2020-10-30
