# This file was autogenerated by Stack.
# You should not edit this file by hand.
# For more information, please see the documentation at:
#   https://docs.haskellstack.org/en/stable/lock_files

packages:
- completed:
    subdir: composite-base
    name: composite-base
    version: 0.7.5.0
    git: https://github.com/locallycompact/composite
    pantry-tree:
      size: 708
      sha256: 8a544421edc54347fc80c43af4e3c5f238f610ef23c0d16852ca4ba9d59d3103
    commit: 5644183439960e63d06ef8ec5e85c25356c6b1fc
  original:
    subdir: composite-base
    git: https://github.com/locallycompact/composite
    commit: 5644183439960e63d06ef8ec5e85c25356c6b1fc
- completed:
    subdir: composite-aeson
    name: composite-aeson
    version: 0.7.5.0
    git: https://github.com/locallycompact/composite
    pantry-tree:
      size: 1507
      sha256: 62eec088c8fa3726fd2fb326c8847329a8146fcccd07dc8df12584e00bcc0edd
    commit: 5644183439960e63d06ef8ec5e85c25356c6b1fc
  original:
    subdir: composite-aeson
    git: https://github.com/locallycompact/composite
    commit: 5644183439960e63d06ef8ec5e85c25356c6b1fc
- completed:
    hackage: composite-aeson-throw-0.1.0.0@sha256:0fc5f4ea1b243b0cf3b28168e3e7e67706bf03d1c1e7998c5816f1f58c0665fe,842
    pantry-tree:
      size: 285
      sha256: e0e5ca696a4012c333d9bd6860d9169ee6dd45c6a30d5de850dda57e93a69a8c
  original:
    hackage: composite-aeson-throw-0.1.0.0@sha256:0fc5f4ea1b243b0cf3b28168e3e7e67706bf03d1c1e7998c5816f1f58c0665fe,842
snapshots:
- completed:
    size: 567260
    url: https://raw.githubusercontent.com/commercialhaskell/stackage-snapshots/master/nightly/2021/7/23.yaml
    sha256: 94c5e73c2221ce53348504de8916c960a78a97bdc6ff0921200a42773694bd7c
  original: nightly-2021-07-23
